
Microsoft Visual Studio Solution File, Format Version 12.00
# Visual Studio Version 16
VisualStudioVersion = 16.0.31605.320
MinimumVisualStudioVersion = 10.0.40219.1
Project("{2150E333-8FDC-42A3-9474-1A3956D46DE8}") = "Services", "Services", "{02F0557B-2280-4DE1-A253-DCF92DCB91F8}"
EndProject
Project("{2150E333-8FDC-42A3-9474-1A3956D46DE8}") = "Catalog", "Catalog", "{9259E059-CE08-48C9-9C65-18FC1929C2BF}"
EndProject
Project("{9A19103F-16F7-4668-BE54-9A1E7A4F7556}") = "Catalog.API", "Services\Catalog\Catalog.API\Catalog.API.csproj", "{5128B0A1-F9D7-4E04-AC74-ECEA3458E953}"
EndProject
Project("{E53339B2-1760-4266-BCC7-CA923CBCF16C}") = "docker-compose", "docker-compose.dcproj", "{7C135CD1-E998-48F9-B49A-D851796FC951}"
EndProject
Project("{2150E333-8FDC-42A3-9474-1A3956D46DE8}") = "Basket", "Basket", "{9068F2AE-0693-4F72-80EE-286B974C2C9E}"
EndProject
Project("{FAE04EC0-301F-11D3-BF4B-00C04F79EFBC}") = "Basket.API", "Services\Basket\Basket.API\Basket.API.csproj", "{E88ACAE3-19B4-4C31-BD7B-A4CEB2E08F27}"
EndProject
Global
	GlobalSection(SolutionConfigurationPlatforms) = preSolution
		Debug|Any CPU = Debug|Any CPU
		Release|Any CPU = Release|Any CPU
	EndGlobalSection
	GlobalSection(ProjectConfigurationPlatforms) = postSolution
		{5128B0A1-F9D7-4E04-AC74-ECEA3458E953}.Debug|Any CPU.ActiveCfg = Debug|Any CPU
		{5128B0A1-F9D7-4E04-AC74-ECEA3458E953}.Debug|Any CPU.Build.0 = Debug|Any CPU
		{5128B0A1-F9D7-4E04-AC74-ECEA3458E953}.Release|Any CPU.ActiveCfg = Release|Any CPU
		{5128B0A1-F9D7-4E04-AC74-ECEA3458E953}.Release|Any CPU.Build.0 = Release|Any CPU
		{7C135CD1-E998-48F9-B49A-D851796FC951}.Debug|Any CPU.ActiveCfg = Debug|Any CPU
		{7C135CD1-E998-48F9-B49A-D851796FC951}.Debug|Any CPU.Build.0 = Debug|Any CPU
		{7C135CD1-E998-48F9-B49A-D851796FC951}.Release|Any CPU.ActiveCfg = Release|Any CPU
		{7C135CD1-E998-48F9-B49A-D851796FC951}.Release|Any CPU.Build.0 = Release|Any CPU
		{E88ACAE3-19B4-4C31-BD7B-A4CEB2E08F27}.Debug|Any CPU.ActiveCfg = Debug|Any CPU
		{E88ACAE3-19B4-4C31-BD7B-A4CEB2E08F27}.Debug|Any CPU.Build.0 = Debug|Any CPU
		{E88ACAE3-19B4-4C31-BD7B-A4CEB2E08F27}.Release|Any CPU.ActiveCfg = Release|Any CPU
		{E88ACAE3-19B4-4C31-BD7B-A4CEB2E08F27}.Release|Any CPU.Build.0 = Release|Any CPU
	EndGlobalSection
	GlobalSection(SolutionProperties) = preSolution
		HideSolutionNode = FALSE
	EndGlobalSection
	GlobalSection(NestedProjects) = preSolution
		{9259E059-CE08-48C9-9C65-18FC1929C2BF} = {02F0557B-2280-4DE1-A253-DCF92DCB91F8}
		{5128B0A1-F9D7-4E04-AC74-ECEA3458E953} = {9259E059-CE08-48C9-9C65-18FC1929C2BF}
		{9068F2AE-0693-4F72-80EE-286B974C2C9E} = {02F0557B-2280-4DE1-A253-DCF92DCB91F8}
		{E88ACAE3-19B4-4C31-BD7B-A4CEB2E08F27} = {9068F2AE-0693-4F72-80EE-286B974C2C9E}
	EndGlobalSection
	GlobalSection(ExtensibilityGlobals) = postSolution
		SolutionGuid = {C1919105-A567-483E-92D4-BD387C8BACE2}
	EndGlobalSection
EndGlobal
